
Microsoft Visual Studio Solution File, Format Version 12.00
# Visual Studio Version 17
VisualStudioVersion = 17.7.34024.191
MinimumVisualStudioVersion = 10.0.40219.1
Project("{8BC9CEB8-8B4A-11D0-8D11-00A0C91BC942}") = "Game_WA", "Game_WA\Game_WA.vcxproj", "{B677DC43-B5D8-4F95-945E-6649537C9235}"
EndProject
Project("{8BC9CEB8-8B4A-11D0-8D11-00A0C91BC942}") = "Platinum", "Platinum\Platinum.vcxproj", "{C897A9A6-6D96-43B8-864F-2BF8D19D89E4}"
EndProject
Project("{8BC9CEB8-8B4A-11D0-8D11-00A0C91BC942}") = "glfw", "glfw_proj\src\glfw.vcxproj", "{3DFB72CA-7D13-3556-BF83-6B6F57BF9B86}"
EndProject
Project("{8BC9CEB8-8B4A-11D0-8D11-00A0C91BC942}") = "glad", "glad\glad.vcxproj", "{4A9FBB8E-0FD4-4C37-8B17-D789E288D8A7}"
EndProject
Project("{8BC9CEB8-8B4A-11D0-8D11-00A0C91BC942}") = "stbi", "stbi\stbi.vcxproj", "{815A4BE6-E53B-41B8-BD78-D1ABD139677D}"
EndProject
Global
	GlobalSection(SolutionConfigurationPlatforms) = preSolution
		Debug|x64 = Debug|x64
		Debug|x86 = Debug|x86
		MinSizeRel|x64 = MinSizeRel|x64
		MinSizeRel|x86 = MinSizeRel|x86
		Release|x64 = Release|x64
		Release|x86 = Release|x86
		RelWithDebInfo|x64 = RelWithDebInfo|x64
		RelWithDebInfo|x86 = RelWithDebInfo|x86
	EndGlobalSection
	GlobalSection(ProjectConfigurationPlatforms) = postSolution
		{B677DC43-B5D8-4F95-945E-6649537C9235}.Debug|x64.ActiveCfg = Debug|x64
		{B677DC43-B5D8-4F95-945E-6649537C9235}.Debug|x64.Build.0 = Debug|x64
		{B677DC43-B5D8-4F95-945E-6649537C9235}.Debug|x86.ActiveCfg = Debug|Win32
		{B677DC43-B5D8-4F95-945E-6649537C9235}.Debug|x86.Build.0 = Debug|Win32
		{B677DC43-B5D8-4F95-945E-6649537C9235}.MinSizeRel|x64.ActiveCfg = Release|x64
		{B677DC43-B5D8-4F95-945E-6649537C9235}.MinSizeRel|x64.Build.0 = Release|x64
		{B677DC43-B5D8-4F95-945E-6649537C9235}.MinSizeRel|x86.ActiveCfg = Release|Win32
		{B677DC43-B5D8-4F95-945E-6649537C9235}.MinSizeRel|x86.Build.0 = Release|Win32
		{B677DC43-B5D8-4F95-945E-6649537C9235}.Release|x64.ActiveCfg = Release|x64
		{B677DC43-B5D8-4F95-945E-6649537C9235}.Release|x64.Build.0 = Release|x64
		{B677DC43-B5D8-4F95-945E-6649537C9235}.Release|x86.ActiveCfg = Release|Win32
		{B677DC43-B5D8-4F95-945E-6649537C9235}.Release|x86.Build.0 = Release|Win32
		{B677DC43-B5D8-4F95-945E-6649537C9235}.RelWithDebInfo|x64.ActiveCfg = Release|x64
		{B677DC43-B5D8-4F95-945E-6649537C9235}.RelWithDebInfo|x64.Build.0 = Release|x64
		{B677DC43-B5D8-4F95-945E-6649537C9235}.RelWithDebInfo|x86.ActiveCfg = Release|Win32
		{B677DC43-B5D8-4F95-945E-6649537C9235}.RelWithDebInfo|x86.Build.0 = Release|Win32
		{C897A9A6-6D96-43B8-864F-2BF8D19D89E4}.Debug|x64.ActiveCfg = Debug|x64
		{C897A9A6-6D96-43B8-864F-2BF8D19D89E4}.Debug|x64.Build.0 = Debug|x64
		{C897A9A6-6D96-43B8-864F-2BF8D19D89E4}.Debug|x86.ActiveCfg = Debug|Win32
		{C897A9A6-6D96-43B8-864F-2BF8D19D89E4}.Debug|x86.Build.0 = Debug|Win32
		{C897A9A6-6D96-43B8-864F-2BF8D19D89E4}.MinSizeRel|x64.ActiveCfg = Release|x64
		{C897A9A6-6D96-43B8-864F-2BF8D19D89E4}.MinSizeRel|x64.Build.0 = Release|x64
		{C897A9A6-6D96-43B8-864F-2BF8D19D89E4}.MinSizeRel|x86.ActiveCfg = Release|Win32
		{C897A9A6-6D96-43B8-864F-2BF8D19D89E4}.MinSizeRel|x86.Build.0 = Release|Win32
		{C897A9A6-6D96-43B8-864F-2BF8D19D89E4}.Release|x64.ActiveCfg = Release|x64
		{C897A9A6-6D96-43B8-864F-2BF8D19D89E4}.Release|x64.Build.0 = Release|x64
		{C897A9A6-6D96-43B8-864F-2BF8D19D89E4}.Release|x86.ActiveCfg = Release|Win32
		{C897A9A6-6D96-43B8-864F-2BF8D19D89E4}.Release|x86.Build.0 = Release|Win32
		{C897A9A6-6D96-43B8-864F-2BF8D19D89E4}.RelWithDebInfo|x64.ActiveCfg = Release|x64
		{C897A9A6-6D96-43B8-864F-2BF8D19D89E4}.RelWithDebInfo|x64.Build.0 = Release|x64
		{C897A9A6-6D96-43B8-864F-2BF8D19D89E4}.RelWithDebInfo|x86.ActiveCfg = Release|Win32
		{C897A9A6-6D96-43B8-864F-2BF8D19D89E4}.RelWithDebInfo|x86.Build.0 = Release|Win32
		{3DFB72CA-7D13-3556-BF83-6B6F57BF9B86}.Debug|x64.ActiveCfg = Debug|x64
		{3DFB72CA-7D13-3556-BF83-6B6F57BF9B86}.Debug|x64.Build.0 = Debug|x64
		{3DFB72CA-7D13-3556-BF83-6B6F57BF9B86}.Debug|x86.ActiveCfg = Debug|x64
		{3DFB72CA-7D13-3556-BF83-6B6F57BF9B86}.Debug|x86.Build.0 = Debug|x64
		{3DFB72CA-7D13-3556-BF83-6B6F57BF9B86}.MinSizeRel|x64.ActiveCfg = MinSizeRel|x64
		{3DFB72CA-7D13-3556-BF83-6B6F57BF9B86}.MinSizeRel|x64.Build.0 = MinSizeRel|x64
		{3DFB72CA-7D13-3556-BF83-6B6F57BF9B86}.MinSizeRel|x86.ActiveCfg = MinSizeRel|x64
		{3DFB72CA-7D13-3556-BF83-6B6F57BF9B86}.MinSizeRel|x86.Build.0 = MinSizeRel|x64
		{3DFB72CA-7D13-3556-BF83-6B6F57BF9B86}.Release|x64.ActiveCfg = Release|x64
		{3DFB72CA-7D13-3556-BF83-6B6F57BF9B86}.Release|x64.Build.0 = Release|x64
		{3DFB72CA-7D13-3556-BF83-6B6F57BF9B86}.Release|x86.ActiveCfg = Release|x64
		{3DFB72CA-7D13-3556-BF83-6B6F57BF9B86}.Release|x86.Build.0 = Release|x64
		{3DFB72CA-7D13-3556-BF83-6B6F57BF9B86}.RelWithDebInfo|x64.ActiveCfg = RelWithDebInfo|x64
		{3DFB72CA-7D13-3556-BF83-6B6F57BF9B86}.RelWithDebInfo|x64.Build.0 = RelWithDebInfo|x64
		{3DFB72CA-7D13-3556-BF83-6B6F57BF9B86}.RelWithDebInfo|x86.ActiveCfg = RelWithDebInfo|x64
		{3DFB72CA-7D13-3556-BF83-6B6F57BF9B86}.RelWithDebInfo|x86.Build.0 = RelWithDebInfo|x64
		{4A9FBB8E-0FD4-4C37-8B17-D789E288D8A7}.Debug|x64.ActiveCfg = Debug|x64
		{4A9FBB8E-0FD4-4C37-8B17-D789E288D8A7}.Debug|x64.Build.0 = Debug|x64
		{4A9FBB8E-0FD4-4C37-8B17-D789E288D8A7}.Debug|x86.ActiveCfg = Debug|Win32
		{4A9FBB8E-0FD4-4C37-8B17-D789E288D8A7}.Debug|x86.Build.0 = Debug|Win32
		{4A9FBB8E-0FD4-4C37-8B17-D789E288D8A7}.MinSizeRel|x64.ActiveCfg = Debug|x64
		{4A9FBB8E-0FD4-4C37-8B17-D789E288D8A7}.MinSizeRel|x64.Build.0 = Debug|x64
		{4A9FBB8E-0FD4-4C37-8B17-D789E288D8A7}.MinSizeRel|x86.ActiveCfg = Debug|Win32
		{4A9FBB8E-0FD4-4C37-8B17-D789E288D8A7}.MinSizeRel|x86.Build.0 = Debug|Win32
		{4A9FBB8E-0FD4-4C37-8B17-D789E288D8A7}.Release|x64.ActiveCfg = Release|x64
		{4A9FBB8E-0FD4-4C37-8B17-D789E288D8A7}.Release|x64.Build.0 = Release|x64
		{4A9FBB8E-0FD4-4C37-8B17-D789E288D8A7}.Release|x86.ActiveCfg = Release|Win32
		{4A9FBB8E-0FD4-4C37-8B17-D789E288D8A7}.Release|x86.Build.0 = Release|Win32
		{4A9FBB8E-0FD4-4C37-8B17-D789E288D8A7}.RelWithDebInfo|x64.ActiveCfg = Release|x64
		{4A9FBB8E-0FD4-4C37-8B17-D789E288D8A7}.RelWithDebInfo|x64.Build.0 = Release|x64
		{4A9FBB8E-0FD4-4C37-8B17-D789E288D8A7}.RelWithDebInfo|x86.ActiveCfg = Release|Win32
		{4A9FBB8E-0FD4-4C37-8B17-D789E288D8A7}.RelWithDebInfo|x86.Build.0 = Release|Win32
		{815A4BE6-E53B-41B8-BD78-D1ABD139677D}.Debug|x64.ActiveCfg = Debug|x64
		{815A4BE6-E53B-41B8-BD78-D1ABD139677D}.Debug|x64.Build.0 = Debug|x64
		{815A4BE6-E53B-41B8-BD78-D1ABD139677D}.Debug|x86.ActiveCfg = Debug|Win32
		{815A4BE6-E53B-41B8-BD78-D1ABD139677D}.Debug|x86.Build.0 = Debug|Win32
		{815A4BE6-E53B-41B8-BD78-D1ABD139677D}.MinSizeRel|x64.ActiveCfg = Debug|x64
		{815A4BE6-E53B-41B8-BD78-D1ABD139677D}.MinSizeRel|x64.Build.0 = Debug|x64
		{815A4BE6-E53B-41B8-BD78-D1ABD139677D}.MinSizeRel|x86.ActiveCfg = Debug|Win32
		{815A4BE6-E53B-41B8-BD78-D1ABD139677D}.MinSizeRel|x86.Build.0 = Debug|Win32
		{815A4BE6-E53B-41B8-BD78-D1ABD139677D}.Release|x64.ActiveCfg = Release|x64
		{815A4BE6-E53B-41B8-BD78-D1ABD139677D}.Release|x64.Build.0 = Release|x64
		{815A4BE6-E53B-41B8-BD78-D1ABD139677D}.Release|x86.ActiveCfg = Release|Win32
		{815A4BE6-E53B-41B8-BD78-D1ABD139677D}.Release|x86.Build.0 = Release|Win32
		{815A4BE6-E53B-41B8-BD78-D1ABD139677D}.RelWithDebInfo|x64.ActiveCfg = Release|x64
		{815A4BE6-E53B-41B8-BD78-D1ABD139677D}.RelWithDebInfo|x64.Build.0 = Release|x64
		{815A4BE6-E53B-41B8-BD78-D1ABD139677D}.RelWithDebInfo|x86.ActiveCfg = Release|Win32
		{815A4BE6-E53B-41B8-BD78-D1ABD139677D}.RelWithDebInfo|x86.Build.0 = Release|Win32
	EndGlobalSection
	GlobalSection(SolutionProperties) = preSolution
		HideSolutionNode = FALSE
	EndGlobalSection
	GlobalSection(ExtensibilityGlobals) = postSolution
		SolutionGuid = {B4D32FFF-DCCC-4F8F-A14E-E29D3423CCEE}
	EndGlobalSection
EndGlobal
